PODS:
  - Nuke (8.4.1)
  - SwiftLint (0.39.1)

DEPENDENCIES:
  - Nuke (~> 8.0)
  - SwiftLint

SPEC REPOS:
  https://github.com/CocoaPods/Specs.git:
    - Nuke
    - SwiftLint

SPEC CHECKSUMS:
  Nuke: d780e3507a86b86c589ab3cc5cd302d5456f06fb
  SwiftLint: 55e96a4a4d537d4a3156859fc1c54bd24851a046

PODFILE CHECKSUM: a04af21a076246ec938c6a28358a9a2254a50152

COCOAPODS: 1.9.0
